
Microsoft Visual Studio Solution File, Format Version 12.00
# Visual Studio Version 16
VisualStudioVersion = 16.0.29709.97
MinimumVisualStudioVersion = 10.0.40219.1
Project("{FAE04EC0-301F-11D3-BF4B-00C04F79EFBC}") = "DetalleFactura", "DetalleFactura\DetalleFactura.csproj", "{11BEFC72-8594-4AB8-A5ED-7BA53E255E63}"
EndProject
Global
	GlobalSection(SolutionConfigurationPlatforms) = preSolution
		Debug|Any CPU = Debug|Any CPU
		Release|Any CPU = Release|Any CPU
	EndGlobalSection
	GlobalSection(ProjectConfigurationPlatforms) = postSolution
		{11BEFC72-8594-4AB8-A5ED-7BA53E255E63}.Debug|Any CPU.ActiveCfg = Debug|Any CPU
		{11BEFC72-8594-4AB8-A5ED-7BA53E255E63}.Debug|Any CPU.Build.0 = Debug|Any CPU
		{11BEFC72-8594-4AB8-A5ED-7BA53E255E63}.Release|Any CPU.ActiveCfg = Release|Any CPU
		{11BEFC72-8594-4AB8-A5ED-7BA53E255E63}.Release|Any CPU.Build.0 = Release|Any CPU
	EndGlobalSection
	GlobalSection(SolutionProperties) = preSolution
		HideSolutionNode = FALSE
	EndGlobalSection
	GlobalSection(ExtensibilityGlobals) = postSolution
		SolutionGuid = {ED6CF6E6-6CA1-4F07-92B5-727EAFD04292}
	EndGlobalSection
EndGlobal
